// !$*UTF8*$!
{
	archiveVersion = 1;
	classes = {
	};
	objectVersion = 46;
	objects = {

/* Begin PBXBuildFile section */
		70FBAF9D19C42AFB00DFE29F /* Foundation.framework in Frameworks */ = {isa = PBXBuildFile; fileRef = 70FBAF9C19C42AFB00DFE29F /* Foundation.framework */; };
		70FBAF9F19C42AFB00DFE29F /* CoreGraphics.framework in Frameworks */ = {isa = PBXBuildFile; fileRef = 70FBAF9E19C42AFB00DFE29F /* CoreGraphics.framework */; };
		70FBAFA119C42AFB00DFE29F /* UIKit.framework in Frameworks */ = {isa = PBXBuildFile; fileRef = 70FBAFA019C42AFB00DFE29F /* UIKit.framework */; };
		70FBAFA719C42AFB00DFE29F /* InfoPlist.strings in Resources */ = {isa = PBXBuildFile; fileRef = 70FBAFA519C42AFB00DFE29F /* InfoPlist.strings */; };
		70FBAFA919C42AFB00DFE29F /* main.m in Sources */ = {isa = PBXBuildFile; fileRef = 70FBAFA819C42AFB00DFE29F /* main.m */; };
		70FBAFAD19C42AFB00DFE29F /* AppDelegate.m in Sources */ = {isa = PBXBuildFile; fileRef = 70FBAFAC19C42AFB00DFE29F /* AppDelegate.m */; };
		70FBAFB319C42AFB00DFE29F /* ViewController.m in Sources */ = {isa = PBXBuildFile; fileRef = 70FBAFB219C42AFB00DFE29F /* ViewController.m */; };
		70FBAFB519C42AFB00DFE29F /* Images.xcassets in Resources */ = {isa = PBXBuildFile; fileRef = 70FBAFB419C42AFB00DFE29F /* Images.xcassets */; };
		70FBAFBC19C42AFB00DFE29F /* XCTest.framework in Frameworks */ = {isa = PBXBuildFile; fileRef = 70FBAFBB19C42AFB00DFE29F /* XCTest.framework */; };
		70FBAFBD19C42AFB00DFE29F /* Foundation.framework in Frameworks */ = {isa = PBXBuildFile; fileRef = 70FBAF9C19C42AFB00DFE29F /* Foundation.framework */; };
		70FBAFBE19C42AFB00DFE29F /* UIKit.framework in Frameworks */ = {isa = PBXBuildFile; fileRef = 70FBAFA019C42AFB00DFE29F /* UIKit.framework */; };
		70FBAFC619C42AFB00DFE29F /* InfoPlist.strings in Resources */ = {isa = PBXBuildFile; fileRef = 70FBAFC419C42AFB00DFE29F /* InfoPlist.strings */; };
		70FBAFC819C42AFB00DFE29F /* WebViewHTMLTests.m in Sources */ = {isa = PBXBuildFile; fileRef = 70FBAFC719C42AFB00DFE29F /* WebViewHTMLTests.m */; };
		70FBAFD219C4345200DFE29F /* index.html in Resources */ = {isa = PBXBuildFile; fileRef = 70FBAFD119C4345200DFE29F /* index.html */; };
		70FBAFD619C4444600DFE29F /* WebViewController.xib in Resources */ = {isa = PBXBuildFile; fileRef = 70FBAFD519C4444600DFE29F /* WebViewController.xib */; };
/* End PBXBuildFile section */

/* Begin PBXContainerItemProxy section */
		70FBAFBF19C42AFB00DFE29F /* PBXContainerItemProxy */ = {
			isa = PBXContainerItemProxy;
			containerPortal = 70FBAF9119C42AFB00DFE29F /* Project object */;
			proxyType = 1;
			remoteGlobalIDString = 70FBAF9819C42AFB00DFE29F;
			remoteInfo = WebViewHTML;
		};
/* End PBXContainerItemProxy section */

/* Begin PBXFileReference section */
		70FBAF9919C42AFB00DFE29F /* WebViewHTML.app */ = {isa = PBXFileReference; explicitFileType = wrapper.application; includeInIndex = 0; path = WebViewHTML.app; sourceTree = BUILT_PRODUCTS_DIR; };
		70FBAF9C19C42AFB00DFE29F /* Foundation.framework */ = {isa = PBXFileReference; lastKnownFileType = wrapper.framework; name = Foundation.framework; path = System/Library/Frameworks/Foundation.framework; sourceTree = SDKROOT; };
		70FBAF9E19C42AFB00DFE29F /* CoreGraphics.framework */ = {isa = PBXFileReference; lastKnownFileType = wrapper.framework; name = CoreGraphics.framework; path = System/Library/Frameworks/CoreGraphics.framework; sourceTree = SDKROOT; };
		70FBAFA019C42AFB00DFE29F /* UIKit.framework */ = {isa = PBXFileReference; lastKnownFileType = wrapper.framework; name = UIKit.framework; path = System/Library/Frameworks/UIKit.framework; sourceTree = SDKROOT; };
		70FBAFA419C42AFB00DFE29F /* WebViewHTML-Info.plist */ = {isa = PBXFileReference; lastKnownFileType = text.plist.xml; path = "WebViewHTML-Info.plist"; sourceTree = "<group>"; };
		70FBAFA619C42AFB00DFE29F /* en */ = {isa = PBXFileReference; lastKnownFileType = text.plist.strings; name = en; path = en.lproj/InfoPlist.strings; sourceTree = "<group>"; };
		70FBAFA819C42AFB00DFE29F /* main.m */ = {isa = PBXFileReference; lastKnownFileType = sourcecode.c.objc; path = main.m; sourceTree = "<group>"; };
		70FBAFAA19C42AFB00DFE29F /* WebViewHTML-Prefix.pch */ = {isa = PBXFileReference; lastKnownFileType = sourcecode.c.h; path = "WebViewHTML-Prefix.pch"; sourceTree = "<group>"; };
		70FBAFAB19C42AFB00DFE29F /* AppDelegate.h */ = {isa = PBXFileReference; lastKnownFileType = sourcecode.c.h; path = AppDelegate.h; sourceTree = "<group>"; };
		70FBAFAC19C42AFB00DFE29F /* AppDelegate.m */ = {isa = PBXFileReference; lastKnownFileType = sourcecode.c.objc; path = AppDelegate.m; sourceTree = "<group>"; };
		70FBAFB119C42AFB00DFE29F /* ViewController.h */ = {isa = PBXFileReference; lastKnownFileType = sourcecode.c.h; path = ViewController.h; sourceTree = "<group>"; };
		70FBAFB219C42AFB00DFE29F /* ViewController.m */ = {isa = PBXFileReference; lastKnownFileType = sourcecode.c.objc; path = ViewController.m; sourceTree = "<group>"; };
		70FBAFB419C42AFB00DFE29F /* Images.xcassets */ = {isa = PBXFileReference; lastKnownFileType = folder.assetcatalog; path = Images.xcassets; sourceTree = "<group>"; };
		70FBAFBA19C42AFB00DFE29F /* WebViewHTMLTests.xctest */ = {isa = PBXFileReference; explicitFileType = wrapper.cfbundle; includeInIndex = 0; path = WebViewHTMLTests.xctest; sourceTree = BUILT_PRODUCTS_DIR; };
		70FBAFBB19C42AFB00DFE29F /* XCTest.framework */ = {isa = PBXFileReference; lastKnownFileType = wrapper.framework; name = XCTest.framework; path = Library/Frameworks/XCTest.framework; sourceTree = DEVELOPER_DIR; };
		70FBAFC319C42AFB00DFE29F /* WebViewHTMLTests-Info.plist */ = {isa = PBXFileReference; lastKnownFileType = text.plist.xml; path = "WebViewHTMLTests-Info.plist"; sourceTree = "<group>"; };
		70FBAFC519C42AFB00DFE29F /* en */ = {isa = PBXFileReference; lastKnownFileType = text.plist.strings; name = en; path = en.lproj/InfoPlist.strings; sourceTree = "<group>"; };
		70FBAFC719C42AFB00DFE29F /* WebViewHTMLTests.m */ = {isa = PBXFileReference; lastKnownFileType = sourcecode.c.objc; path = WebViewHTMLTests.m; sourceTree = "<group>"; };
		70FBAFD119C4345200DFE29F /* index.html */ = {isa = PBXFileReference; fileEncoding = 4; lastKnownFileType = text.html; path = index.html; sourceTree = "<group>"; };
		70FBAFD519C4444600DFE29F /* WebViewController.xib */ = {isa = PBXFileReference; fileEncoding = 4; lastKnownFileType = file.xib; path = WebViewController.xib; sourceTree = "<group>"; };
/* End PBXFileReference section */

/* Begin PBXFrameworksBuildPhase section */
		70FBAF9619C42AFB00DFE29F /* Frameworks */ = {
			isa = PBXFrameworksBuildPhase;
			buildActionMask = 2147483647;
			files = (
				70FBAF9F19C42AFB00DFE29F /* CoreGraphics.framework in Frameworks */,
				70FBAFA119C42AFB00DFE29F /* UIKit.framework in Frameworks */,
				70FBAF9D19C42AFB00DFE29F /* Foundation.framework in Frameworks */,
			);
			runOnlyForDeploymentPostprocessing = 0;
		};
		70FBAFB719C42AFB00DFE29F /* Frameworks */ = {
			isa = PBXFrameworksBuildPhase;
			buildActionMask = 2147483647;
			files = (
				70FBAFBC19C42AFB00DFE29F /* XCTest.framework in Frameworks */,
				70FBAFBE19C42AFB00DFE29F /* UIKit.framework in Frameworks */,
				70FBAFBD19C42AFB00DFE29F /* Foundation.framework in Frameworks */,
			);
			runOnlyForDeploymentPostprocessing = 0;
		};
/* End PBXFrameworksBuildPhase section */

/* Begin PBXGroup section */
		70FBAF9019C42AFB00DFE29F = {
			isa = PBXGroup;
			children = (
				70FBAFA219C42AFB00DFE29F /* WebViewHTML */,
				70FBAFC119C42AFB00DFE29F /* WebViewHTMLTests */,
				70FBAF9B19C42AFB00DFE29F /* Frameworks */,
				70FBAF9A19C42AFB00DFE29F /* Products */,
			);
			sourceTree = "<group>";
		};
		70FBAF9A19C42AFB00DFE29F /* Products */ = {
			isa = PBXGroup;
			children = (
				70FBAF9919C42AFB00DFE29F /* WebViewHTML.app */,
				70FBAFBA19C42AFB00DFE29F /* WebViewHTMLTests.xctest */,
			);
			name = Products;
			sourceTree = "<group>";
		};
		70FBAF9B19C42AFB00DFE29F /* Frameworks */ = {
			isa = PBXGroup;
			children = (
				70FBAF9C19C42AFB00DFE29F /* Foundation.framework */,
				70FBAF9E19C42AFB00DFE29F /* CoreGraphics.framework */,
				70FBAFA019C42AFB00DFE29F /* UIKit.framework */,
				70FBAFBB19C42AFB00DFE29F /* XCTest.framework */,
			);
			name = Frameworks;
			sourceTree = "<group>";
		};
		70FBAFA219C42AFB00DFE29F /* WebViewHTML */ = {
			isa = PBXGroup;
			children = (
				70FBAFD119C4345200DFE29F /* index.html */,
				70FBAFAB19C42AFB00DFE29F /* AppDelegate.h */,
				70FBAFAC19C42AFB00DFE29F /* AppDelegate.m */,
				70FBAFB119C42AFB00DFE29F /* ViewController.h */,
				70FBAFB219C42AFB00DFE29F /* ViewController.m */,
				70FBAFD519C4444600DFE29F /* WebViewController.xib */,
				70FBAFB419C42AFB00DFE29F /* Images.xcassets */,
				70FBAFA319C42AFB00DFE29F /* Supporting Files */,
			);
			path = WebViewHTML;
			sourceTree = "<group>";
		};
		70FBAFA319C42AFB00DFE29F /* Supporting Files */ = {
			isa = PBXGroup;
			children = (
				70FBAFA419C42AFB00DFE29F /* WebViewHTML-Info.plist */,
				70FBAFA519C42AFB00DFE29F /* InfoPlist.strings */,
				70FBAFA819C42AFB00DFE29F /* main.m */,
				70FBAFAA19C42AFB00DFE29F /* WebViewHTML-Prefix.pch */,
			);
			name = "Supporting Files";
			sourceTree = "<group>";
		};
		70FBAFC119C42AFB00DFE29F /* WebViewHTMLTests */ = {
			isa = PBXGroup;
			children = (
				70FBAFC719C42AFB00DFE29F /* WebViewHTMLTests.m */,
				70FBAFC219C42AFB00DFE29F /* Supporting Files */,
			);
			path = WebViewHTMLTests;
			sourceTree = "<group>";
		};
		70FBAFC219C42AFB00DFE29F /* Supporting Files */ = {
			isa = PBXGroup;
			children = (
				70FBAFC319C42AFB00DFE29F /* WebViewHTMLTests-Info.plist */,
				70FBAFC419C42AFB00DFE29F /* InfoPlist.strings */,
			);
			name = "Supporting Files";
			sourceTree = "<group>";
		};
/* End PBXGroup section */

/* Begin PBXNativeTarget section */
		70FBAF9819C42AFB00DFE29F /* WebViewHTML */ = {
			isa = PBXNativeTarget;
			buildConfigurationList = 70FBAFCB19C42AFB00DFE29F /* Build configuration list for PBXNativeTarget "WebViewHTML" */;
			buildPhases = (
				70FBAF9519C42AFB00DFE29F /* Sources */,
				70FBAF9619C42AFB00DFE29F /* Frameworks */,
				70FBAF9719C42AFB00DFE29F /* Resources */,
			);
			buildRules = (
			);
			dependencies = (
			);
			name = WebViewHTML;
			productName = WebViewHTML;
			productReference = 70FBAF9919C42AFB00DFE29F /* WebViewHTML.app */;
			productType = "com.apple.product-type.application";
		};
		70FBAFB919C42AFB00DFE29F /* WebViewHTMLTests */ = {
			isa = PBXNativeTarget;
			buildConfigurationList = 70FBAFCE19C42AFB00DFE29F /* Build configuration list for PBXNativeTarget "WebViewHTMLTests" */;
			buildPhases = (
				70FBAFB619C42AFB00DFE29F /* Sources */,
				70FBAFB719C42AFB00DFE29F /* Frameworks */,
				70FBAFB819C42AFB00DFE29F /* Resources */,
			);
			buildRules = (
			);
			dependencies = (
				70FBAFC019C42AFB00DFE29F /* PBXTargetDependency */,
			);
			name = WebViewHTMLTests;
			productName = WebViewHTMLTests;
			productReference = 70FBAFBA19C42AFB00DFE29F /* WebViewHTMLTests.xctest */;
			productType = "com.apple.product-type.bundle.unit-test";
		};
/* End PBXNativeTarget section */

/* Begin PBXProject section */
		70FBAF9119C42AFB00DFE29F /* Project object */ = {
			isa = PBXProject;
			attributes = {
				LastUpgradeCheck = 0510;
				ORGANIZATIONNAME = coco;
				TargetAttributes = {
					70FBAFB919C42AFB00DFE29F = {
						TestTargetID = 70FBAF9819C42AFB00DFE29F;
					};
				};
			};
			buildConfigurationList = 70FBAF9419C42AFB00DFE29F /* Build configuration list for PBXProject "WebViewHTML" */;
			compatibilityVersion = "Xcode 3.2";
			developmentRegion = English;
			hasScannedForEncodings = 0;
			knownRegions = (
				en,
				Base,
			);
			mainGroup = 70FBAF9019C42AFB00DFE29F;
			productRefGroup = 70FBAF9A19C42AFB00DFE29F /* Products */;
			projectDirPath = "";
			projectRoot = "";
			targets = (
				70FBAF9819C42AFB00DFE29F /* WebViewHTML */,
				70FBAFB919C42AFB00DFE29F /* WebViewHTMLTests */,
			);
		};
/* End PBXProject section */

/* Begin PBXResourcesBuildPhase section */
		70FBAF9719C42AFB00DFE29F /* Resources */ = {
			isa = PBXResourcesBuildPhase;
			buildActionMask = 2147483647;
			files = (
				70FBAFB519C42AFB00DFE29F /* Images.xcassets in Resources */,
				70FBAFD219C4345200DFE29F /* index.html in Resources */,
				70FBAFA719C42AFB00DFE29F /* InfoPlist.strings in Resources */,
				70FBAFD619C4444600DFE29F /* WebViewController.xib in Resources */,
			);
			runOnlyForDeploymentPostprocessing = 0;
		};
		70FBAFB819C42AFB00DFE29F /* Resources */ = {
			isa = PBXResourcesBuildPhase;
			buildActionMask = 2147483647;
			files = (
				70FBAFC619C42AFB00DFE29F /* InfoPlist.strings in Resources */,
			);
			runOnlyForDeploymentPostprocessing = 0;
		};
/* End PBXResourcesBuildPhase section */

/* Begin PBXSourcesBuildPhase section */
		70FBAF9519C42AFB00DFE29F /* Sources */ = {
			isa = PBXSourcesBuildPhase;
			buildActionMask = 2147483647;
			files = (
				70FBAFB319C42AFB00DFE29F /* ViewController.m in Sources */,
				70FBAFAD19C42AFB00DFE29F /* AppDelegate.m in Sources */,
				70FBAFA919C42AFB00DFE29F /* main.m in Sources */,
			);
			runOnlyForDeploymentPostprocessing = 0;
		};
		70FBAFB619C42AFB00DFE29F /* Sources */ = {
			isa = PBXSourcesBuildPhase;
			buildActionMask = 2147483647;
			files = (
				70FBAFC819C42AFB00DFE29F /* WebViewHTMLTests.m in Sources */,
			);
			runOnlyForDeploymentPostprocessing = 0;
		};
/* End PBXSourcesBuildPhase section */

/* Begin PBXTargetDependency section */
		70FBAFC019C42AFB00DFE29F /* PBXTargetDependency */ = {
			isa = PBXTargetDependency;
			target = 70FBAF9819C42AFB00DFE29F /* WebViewHTML */;
			targetProxy = 70FBAFBF19C42AFB00DFE29F /* PBXContainerItemProxy */;
		};
/* End PBXTargetDependency section */

/* Begin PBXVariantGroup section */
		70FBAFA519C42AFB00DFE29F /* InfoPlist.strings */ = {
			isa = PBXVariantGroup;
			children = (
				70FBAFA619C42AFB00DFE29F /* en */,
			);
			name = InfoPlist.strings;
			sourceTree = "<group>";
		};
		70FBAFC419C42AFB00DFE29F /* InfoPlist.strings */ = {
			isa = PBXVariantGroup;
			children = (
				70FBAFC519C42AFB00DFE29F /* en */,
			);
			name = InfoPlist.strings;
			sourceTree = "<group>";
		};
/* End PBXVariantGroup section */

/* Begin XCBuildConfiguration section */
		70FBAFC919C42AFB00DFE29F /* Debug */ = {
			isa = XCBuildConfiguration;
			buildSettings = {
				ALWAYS_SEARCH_USER_PATHS = NO;
				CLANG_CXX_LANGUAGE_STANDARD = "gnu++0x";
				CLANG_CXX_LIBRARY = "libc++";
				CLANG_ENABLE_MODULES = YES;
				CLANG_ENABLE_OBJC_ARC = YES;
				CLANG_WARN_BOOL_CONVERSION = YES;
				CLANG_WARN_CONSTANT_CONVERSION = YES;
				CLANG_WARN_DIRECT_OBJC_ISA_USAGE = YES_ERROR;
				CLANG_WARN_EMPTY_BODY = YES;
				CLANG_WARN_ENUM_CONVERSION = YES;
				CLANG_WARN_INT_CONVERSION = YES;
				CLANG_WARN_OBJC_ROOT_CLASS = YES_ERROR;
				CLANG_WARN__DUPLICATE_METHOD_MATCH = YES;
				"CODE_SIGN_IDENTITY[sdk=iphoneos*]" = "iPhone Developer";
				COPY_PHASE_STRIP = NO;
				GCC_C_LANGUAGE_STANDARD = gnu99;
				GCC_DYNAMIC_NO_PIC = NO;
				GCC_OPTIMIZATION_LEVEL = 0;
				GCC_PREPROCESSOR_DEFINITIONS = (
					"DEBUG=1",
					"$(inherited)",
				);
				GCC_SYMBOLS_PRIVATE_EXTERN = NO;
				GCC_WARN_64_TO_32_BIT_CONVERSION = YES;
				GCC_WARN_ABOUT_RETURN_TYPE = YES_ERROR;
				GCC_WARN_UNDECLARED_SELECTOR = YES;
				GCC_WARN_UNINITIALIZED_AUTOS = YES_AGGRESSIVE;
				GCC_WARN_UNUSED_FUNCTION = YES;
				GCC_WARN_UNUSED_VARIABLE = YES;
				IPHONEOS_DEPLOYMENT_TARGET = 7.1;
				ONLY_ACTIVE_ARCH = YES;
				SDKROOT = iphoneos;
			};
			name = Debug;
		};
		70FBAFCA19C42AFB00DFE29F /* Release */ = {
			isa = XCBuildConfiguration;
			buildSettings = {
				ALWAYS_SEARCH_USER_PATHS = NO;
				CLANG_CXX_LANGUAGE_STANDARD = "gnu++0x";
				CLANG_CXX_LIBRARY = "libc++";
				CLANG_ENABLE_MODULES = YES;
				CLANG_ENABLE_OBJC_ARC = YES;
				CLANG_WARN_BOOL_CONVERSION = YES;
				CLANG_WARN_CONSTANT_CONVERSION = YES;
				CLANG_WARN_DIRECT_OBJC_ISA_USAGE = YES_ERROR;
				CLANG_WARN_EMPTY_BODY = YES;
				CLANG_WARN_ENUM_CONVERSION = YES;
				CLANG_WARN_INT_CONVERSION = YES;
				CLANG_WARN_OBJC_ROOT_CLASS = YES_ERROR;
				CLANG_WARN__DUPLICATE_METHOD_MATCH = YES;
				"CODE_SIGN_IDENTITY[sdk=iphoneos*]" = "iPhone Developer";
				COPY_PHASE_STRIP = YES;
				ENABLE_NS_ASSERTIONS = NO;
				GCC_C_LANGUAGE_STANDARD = gnu99;
				GCC_WARN_64_TO_32_BIT_CONVERSION = YES;
				GCC_WARN_ABOUT_RETURN_TYPE = YES_ERROR;
				GCC_WARN_UNDECLARED_SELECTOR = YES;
				GCC_WARN_UNINITIALIZED_AUTOS = YES_AGGRESSIVE;
				GCC_WARN_UNUSED_FUNCTION = YES;
				GCC_WARN_UNUSED_VARIABLE = YES;
				IPHONEOS_DEPLOYMENT_TARGET = 7.1;
				SDKROOT = iphoneos;
				VALIDATE_PRODUCT = YES;
			};
			name = Release;
		};
		70FBAFCC19C42AFB00DFE29F /* Debug */ = {
			isa = XCBuildConfiguration;
			buildSettings = {
				ASSETCATALOG_COMPILER_APPICON_NAME = AppIcon;
				ASSETCATALOG_COMPILER_LAUNCHIMAGE_NAME = LaunchImage;
				GCC_PRECOMPILE_PREFIX_HEADER = YES;
				GCC_PREFIX_HEADER = "WebViewHTML/WebViewHTML-Prefix.pch";
				INFOPLIST_FILE = "WebViewHTML/WebViewHTML-Info.plist";
				PRODUCT_NAME = "$(TARGET_NAME)";
				WRAPPER_EXTENSION = app;
			};
			name = Debug;
		};
		70FBAFCD19C42AFB00DFE29F /* Release */ = {
			isa = XCBuildConfiguration;
			buildSettings = {
				ASSETCATALOG_COMPILER_APPICON_NAME = AppIcon;
				ASSETCATALOG_COMPILER_LAUNCHIMAGE_NAME = LaunchImage;
				GCC_PRECOMPILE_PREFIX_HEADER = YES;
				GCC_PREFIX_HEADER = "WebViewHTML/WebViewHTML-Prefix.pch";
				INFOPLIST_FILE = "WebViewHTML/WebViewHTML-Info.plist";
				PRODUCT_NAME = "$(TARGET_NAME)";
				WRAPPER_EXTENSION = app;
			};
			name = Release;
		};
		70FBAFCF19C42AFB00DFE29F /* Debug */ = {
			isa = XCBuildConfiguration;
			buildSettings = {
				BUNDLE_LOADER = "$(BUILT_PRODUCTS_DIR)/WebViewHTML.app/WebViewHTML";
				FRAMEWORK_SEARCH_PATHS = (
					"$(SDKROOT)/Developer/Library/Frameworks",
					"$(inherited)",
					"$(DEVELOPER_FRAMEWORKS_DIR)",
				);
				GCC_PRECOMPILE_PREFIX_HEADER = YES;
				GCC_PREFIX_HEADER = "WebViewHTML/WebViewHTML-Prefix.pch";
				GCC_PREPROCESSOR_DEFINITIONS = (
					"DEBUG=1",
					"$(inherited)",
				);
				INFOPLIST_FILE = "WebViewHTMLTests/WebViewHTMLTests-Info.plist";
				PRODUCT_NAME = "$(TARGET_NAME)";
				TEST_HOST = "$(BUNDLE_LOADER)";
				WRAPPER_EXTENSION = xctest;
			};
			name = Debug;
		};
		70FBAFD019C42AFB00DFE29F /* Release */ = {
			isa = XCBuildConfiguration;
			buildSettings = {
				BUNDLE_LOADER = "$(BUILT_PRODUCTS_DIR)/WebViewHTML.app/WebViewHTML";
				FRAMEWORK_SEARCH_PATHS = (
					"$(SDKROOT)/Developer/Library/Frameworks",
					"$(inherited)",
					"$(DEVELOPER_FRAMEWORKS_DIR)",
				);
				GCC_PRECOMPILE_PREFIX_HEADER = YES;
				GCC_PREFIX_HEADER = "WebViewHTML/WebViewHTML-Prefix.pch";
				INFOPLIST_FILE = "WebViewHTMLTests/WebViewHTMLTests-Info.plist";
				PRODUCT_NAME = "$(TARGET_NAME)";
				TEST_HOST = "$(BUNDLE_LOADER)";
				WRAPPER_EXTENSION = xctest;
			};
			name = Release;
		};
/* End XCBuildConfiguration section */

/* Begin XCConfigurationList section */
		70FBAF9419C42AFB00DFE29F /* Build configuration list for PBXProject "WebViewHTML" */ = {
			isa = XCConfigurationList;
			buildConfigurations = (
				70FBAFC919C42AFB00DFE29F /* Debug */,
				70FBAFCA19C42AFB00DFE29F /* Release */,
			);
			defaultConfigurationIsVisible = 0;
			defaultConfigurationName = Release;
		};
		70FBAFCB19C42AFB00DFE29F /* Build configuration list for PBXNativeTarget "WebViewHTML" */ = {
			isa = XCConfigurationList;
			buildConfigurations = (
				70FBAFCC19C42AFB00DFE29F /* Debug */,
				70FBAFCD19C42AFB00DFE29F /* Release */,
			);
			defaultConfigurationIsVisible = 0;
		};
		70FBAFCE19C42AFB00DFE29F /* Build configuration list for PBXNativeTarget "WebViewHTMLTests" */ = {
			isa = XCConfigurationList;
			buildConfigurations = (
				70FBAFCF19C42AFB00DFE29F /* Debug */,
				70FBAFD019C42AFB00DFE29F /* Release */,
			);
			defaultConfigurationIsVisible = 0;
		};
/* End XCConfigurationList section */
	};
	rootObject = 70FBAF9119C42AFB00DFE29F /* Project object */;
}
